{
  "name": "greicy",
  "lockfileVersion": 2,
  "requires": true,
  "packages": {
    "": {
      "dependencies": {
        "dropify": "^0.2.2",
        "filepond": "^4.30.4",
        "filepond-plugin-file-validate-size": "^2.2.8",
        "filepond-plugin-image-preview": "^4.6.11",
        "filepond-plugin-image-resize": "^2.0.10",
        "flatpickr": "^4.6.13",
        "jquery": "^3.6.4",
        "jquery-filepond": "^1.0.0",
        "select2": "^4.1.0-rc.0",
        "sweetalert2": "^11.7.3",
        "toastr": "^2.1.4"
      }
    },
    "node_modules/dropify": {
      "version": "0.2.2",
      "resolved": "https://registry.npmjs.org/dropify/-/dropify-0.2.2.tgz",
      "integrity": "sha512-SK9IaPaRLn6/EFGKkNcly9yPSxQwpgLac7nqbDEh2PfFtY4nDH3NR6YXNG0v/sGcu9Q1/3ufuGBTCvPpVPMRLA==",
      "dependencies": {
        "jquery": "*"
      }
    },
    "node_modules/filepond": {
      "version": "4.30.4",
      "resolved": "https://registry.npmjs.org/filepond/-/filepond-4.30.4.tgz",
      "integrity": "sha512-FCwsMvG9iiEs6uobdDrTaKsCgsqys0NuLgPPD8n37AYVYBiiDkrPkk9MSIU5rT2FahYcL1bScYI9huIPtlzqyA=="
    },
    "node_modules/filepond-plugin-file-validate-size": {
      "version": "2.2.8",
      "resolved": "https://registry.npmjs.org/filepond-plugin-file-validate-size/-/filepond-plugin-file-validate-size-2.2.8.tgz",
      "integrity": "sha512-yzb8scATmkWqPTP7oKQz6L8WwJm6Xmgc/fuq6DFGRaLz0I7372BUvBsxagBk/hypMIjvieNzhggm33Y60x3rcw==",
      "peerDependencies": {
        "filepond": ">=3.1.2 <5.x"
      }
    },
    "node_modules/filepond-plugin-image-preview": {
      "version": "4.6.11",
      "resolved": "https://registry.npmjs.org/filepond-plugin-image-preview/-/filepond-plugin-image-preview-4.6.11.tgz",
      "integrity": "sha512-0EmQ9HnOb/X0xc5rLcNRhhmdUbp7oiicRwQrcr90ZfVmPJOOZoX3ZGUEsEPj7luMI55huguhcVozdESxtqnuRw==",
      "peerDependencies": {
        "filepond": ">=4.x <5.x"
      }
    },
    "node_modules/filepond-plugin-image-resize": {
      "version": "2.0.10",
      "resolved": "https://registry.npmjs.org/filepond-plugin-image-resize/-/filepond-plugin-image-resize-2.0.10.tgz",
      "integrity": "sha512-irX+J275u8Ph1KcciCeSQmxeFjbu0+co5XVCkiwdSNnz6KiqrCKN7RXTvEbdgSdDzyi5omr2oP1rKWps5L1RsQ==",
      "peerDependencies": {
        "filepond": ">=3.x <5.x"
      }
    },
    "node_modules/flatpickr": {
      "version": "4.6.13",
      "resolved": "https://registry.npmjs.org/flatpickr/-/flatpickr-4.6.13.tgz",
      "integrity": "sha512-97PMG/aywoYpB4IvbvUJi0RQi8vearvU0oov1WW3k0WZPBMrTQVqekSX5CjSG/M4Q3i6A/0FKXC7RyAoAUUSPw=="
    },
    "node_modules/jquery": {
      "version": "3.6.4",
      "resolved": "https://registry.npmjs.org/jquery/-/jquery-3.6.4.tgz",
      "integrity": "sha512-v28EW9DWDFpzcD9O5iyJXg3R3+q+mET5JhnjJzQUZMHOv67bpSIHq81GEYpPNZHG+XXHsfSme3nxp/hndKEcsQ=="
    },
    "node_modules/jquery-filepond": {
      "version": "1.0.0",
      "resolved": "https://registry.npmjs.org/jquery-filepond/-/jquery-filepond-1.0.0.tgz",
      "integrity": "sha512-ONxFHUsDMfkHFhVn+GwE8XtEFE3WhSNun5+h3KxW1RiVs2pnnkO/3WvQ+IjnLP4ywVkzEgkNXJaguxPH4Wz3aw=="
    },
    "node_modules/select2": {
      "version": "4.1.0-rc.0",
      "resolved": "https://registry.npmjs.org/select2/-/select2-4.1.0-rc.0.tgz",
      "integrity": "sha512-Hr9TdhyHCZUtwznEH2CBf7967mEM0idtJ5nMtjvk3Up5tPukOLXbHUNmh10oRfeNIhj+3GD3niu+g6sVK+gK0A=="
    },
    "node_modules/sweetalert2": {
      "version": "11.7.3",
      "resolved": "https://registry.npmjs.org/sweetalert2/-/sweetalert2-11.7.3.tgz",
      "integrity": "sha512-fUN/fyVSBZNtY4Rr/Qtxn7tNNnlRAbUhQxTQ9uOo0xVMIHBmqq4/9pau5N9dB2pvkB353XL/ywRAycscLoYU3w==",
      "funding": {
        "type": "individual",
        "url": "https://github.com/sponsors/limonte"
      }
    },
    "node_modules/toastr": {
      "version": "2.1.4",
      "resolved": "https://registry.npmjs.org/toastr/-/toastr-2.1.4.tgz",
      "integrity": "sha512-LIy77F5n+sz4tefMmFOntcJ6HL0Fv3k1TDnNmFZ0bU/GcvIIfy6eG2v7zQmMiYgaalAiUv75ttFrPn5s0gyqlA==",
      "dependencies": {
        "jquery": ">=1.12.0"
      }
    }
  },
  "dependencies": {
    "dropify": {
      "version": "0.2.2",
      "resolved": "https://registry.npmjs.org/dropify/-/dropify-0.2.2.tgz",
      "integrity": "sha512-SK9IaPaRLn6/EFGKkNcly9yPSxQwpgLac7nqbDEh2PfFtY4nDH3NR6YXNG0v/sGcu9Q1/3ufuGBTCvPpVPMRLA==",
      "requires": {
        "jquery": "*"
      }
    },
    "filepond": {
      "version": "4.30.4",
      "resolved": "https://registry.npmjs.org/filepond/-/filepond-4.30.4.tgz",
      "integrity": "sha512-FCwsMvG9iiEs6uobdDrTaKsCgsqys0NuLgPPD8n37AYVYBiiDkrPkk9MSIU5rT2FahYcL1bScYI9huIPtlzqyA=="
    },
    "filepond-plugin-file-validate-size": {
      "version": "2.2.8",
      "resolved": "https://registry.npmjs.org/filepond-plugin-file-validate-size/-/filepond-plugin-file-validate-size-2.2.8.tgz",
      "integrity": "sha512-yzb8scATmkWqPTP7oKQz6L8WwJm6Xmgc/fuq6DFGRaLz0I7372BUvBsxagBk/hypMIjvieNzhggm33Y60x3rcw==",
      "requires": {}
    },
    "filepond-plugin-image-preview": {
      "version": "4.6.11",
      "resolved": "https://registry.npmjs.org/filepond-plugin-image-preview/-/filepond-plugin-image-preview-4.6.11.tgz",
      "integrity": "sha512-0EmQ9HnOb/X0xc5rLcNRhhmdUbp7oiicRwQrcr90ZfVmPJOOZoX3ZGUEsEPj7luMI55huguhcVozdESxtqnuRw==",
      "requires": {}
    },
    "filepond-plugin-image-resize": {
      "version": "2.0.10",
      "resolved": "https://registry.npmjs.org/filepond-plugin-image-resize/-/filepond-plugin-image-resize-2.0.10.tgz",
      "integrity": "sha512-irX+J275u8Ph1KcciCeSQmxeFjbu0+co5XVCkiwdSNnz6KiqrCKN7RXTvEbdgSdDzyi5omr2oP1rKWps5L1RsQ==",
      "requires": {}
    },
    "flatpickr": {
      "version": "4.6.13",
      "resolved": "https://registry.npmjs.org/flatpickr/-/flatpickr-4.6.13.tgz",
      "integrity": "sha512-97PMG/aywoYpB4IvbvUJi0RQi8vearvU0oov1WW3k0WZPBMrTQVqekSX5CjSG/M4Q3i6A/0FKXC7RyAoAUUSPw=="
    },
    "jquery": {
      "version": "3.6.4",
      "resolved": "https://registry.npmjs.org/jquery/-/jquery-3.6.4.tgz",
      "integrity": "sha512-v28EW9DWDFpzcD9O5iyJXg3R3+q+mET5JhnjJzQUZMHOv67bpSIHq81GEYpPNZHG+XXHsfSme3nxp/hndKEcsQ=="
    },
    "jquery-filepond": {
      "version": "1.0.0",
      "resolved": "https://registry.npmjs.org/jquery-filepond/-/jquery-filepond-1.0.0.tgz",
      "integrity": "sha512-ONxFHUsDMfkHFhVn+GwE8XtEFE3WhSNun5+h3KxW1RiVs2pnnkO/3WvQ+IjnLP4ywVkzEgkNXJaguxPH4Wz3aw=="
    },
    "select2": {
      "version": "4.1.0-rc.0",
      "resolved": "https://registry.npmjs.org/select2/-/select2-4.1.0-rc.0.tgz",
      "integrity": "sha512-Hr9TdhyHCZUtwznEH2CBf7967mEM0idtJ5nMtjvk3Up5tPukOLXbHUNmh10oRfeNIhj+3GD3niu+g6sVK+gK0A=="
    },
    "sweetalert2": {
      "version": "11.7.3",
      "resolved": "https://registry.npmjs.org/sweetalert2/-/sweetalert2-11.7.3.tgz",
      "integrity": "sha512-fUN/fyVSBZNtY4Rr/Qtxn7tNNnlRAbUhQxTQ9uOo0xVMIHBmqq4/9pau5N9dB2pvkB353XL/ywRAycscLoYU3w=="
    },
    "toastr": {
      "version": "2.1.4",
      "resolved": "https://registry.npmjs.org/toastr/-/toastr-2.1.4.tgz",
      "integrity": "sha512-LIy77F5n+sz4tefMmFOntcJ6HL0Fv3k1TDnNmFZ0bU/GcvIIfy6eG2v7zQmMiYgaalAiUv75ttFrPn5s0gyqlA==",
      "requires": {
        "jquery": ">=1.12.0"
      }
    }
  }
}
